// !$*UTF8*$!
{
	archiveVersion = 1;
	classes = {
	};
	objectVersion = 46;
	objects = {

/* Begin PBXBuildFile section */
		4D0C5DDF0E8CA72B00041271 /* strsep.c in Sources */ = {isa = PBXBuildFile; fileRef = 4D0C5DDE0E8CA72B00041271 /* strsep.c */; };
		4D0C5DF50E8CAAC200041271 /* util.c in Sources */ = {isa = PBXBuildFile; fileRef = 4D0C5DF40E8CAAC200041271 /* util.c */; };
		4D0C5E340E8CE51000041271 /* parseslashcmd.c in Sources */ = {isa = PBXBuildFile; fileRef = 4D0C5E330E8CE51000041271 /* parseslashcmd.c */; };
		4D22A92C0EA6048400D0D3CF /* vasprintf.c in Sources */ = {isa = PBXBuildFile; fileRef = 4D22A92B0EA6048400D0D3CF /* vasprintf.c */; };
		4D3447F1127D7F66006C98F7 /* timefunc.c in Sources */ = {isa = PBXBuildFile; fileRef = 4D3447F0127D7F66006C98F7 /* timefunc.c */; };
		4D4350A50E8E8CC5003E703A /* execute_cmds.c in Sources */ = {isa = PBXBuildFile; fileRef = 4D4350A40E8E8CC5003E703A /* execute_cmds.c */; };
		4D753DF5125EE4360046D190 /* fileio.c in Sources */ = {isa = PBXBuildFile; fileRef = 4D753DF1125EE4360046D190 /* fileio.c */; };
		4D753DF6125EE4360046D190 /* mail_utils.c in Sources */ = {isa = PBXBuildFile; fileRef = 4D753DF3125EE4360046D190 /* mail_utils.c */; };
		4D753DFB125EE4C90046D190 /* do_cmd_reportbackup.c in Sources */ = {isa = PBXBuildFile; fileRef = 4D753DFA125EE4C90046D190 /* do_cmd_reportbackup.c */; };
		4D7E4EDF1276512D008DE13E /* mkargv.c in Sources */ = {isa = PBXBuildFile; fileRef = 4D7E4EDE1276512D008DE13E /* mkargv.c */; };
		4D9155FE0E9D15E600C878CD /* split.c in Sources */ = {isa = PBXBuildFile; fileRef = 4D9155FD0E9D15E600C878CD /* split.c */; };
		4D9156040E9D19A400C878CD /* list.c in Sources */ = {isa = PBXBuildFile; fileRef = 4D9156030E9D19A400C878CD /* list.c */; };
		4DB2E357126B493B005C20C7 /* copycheck.c in Sources */ = {isa = PBXBuildFile; fileRef = 4DB2E355126B493B005C20C7 /* copycheck.c */; };
		4DE017450E9C28B300F5E3FC /* data_access.c in Sources */ = {isa = PBXBuildFile; fileRef = 4DE017440E9C28B300F5E3FC /* data_access.c */; };
		8DD76FAC0486AB0100D96B5E /* blib.c in Sources */ = {isa = PBXBuildFile; fileRef = 08FB7796FE84155DC02AAC07 /* blib.c */; settings = {ATTRIBUTES = (); }; };
		8DD76FB00486AB0100D96B5E /* blib.1 in CopyFiles */ = {isa = PBXBuildFile; fileRef = C6A0FF2C0290799A04C91782 /* blib.1 */; };
/* End PBXBuildFile section */

/* Begin PBXCopyFilesBuildPhase section */
		8DD76FAF0486AB0100D96B5E /* CopyFiles */ = {
			isa = PBXCopyFilesBuildPhase;
			buildActionMask = 8;
			dstPath = /usr/share/man/man1/;
			dstSubfolderSpec = 0;
			files = (
				8DD76FB00486AB0100D96B5E /* blib.1 in CopyFiles */,
			);
			runOnlyForDeploymentPostprocessing = 1;
		};
/* End PBXCopyFilesBuildPhase section */

/* Begin PBXFileReference section */
		08FB7796FE84155DC02AAC07 /* blib.c */ = {isa = PBXFileReference; fileEncoding = 4; lastKnownFileType = sourcecode.c.c; path = blib.c; sourceTree = "<group>"; };
		4D0C5DD60E8CA5D000041271 /* blib.h */ = {isa = PBXFileReference; fileEncoding = 4; lastKnownFileType = sourcecode.c.h; path = blib.h; sourceTree = "<group>"; };
		4D0C5DDD0E8CA72B00041271 /* strsep.h */ = {isa = PBXFileReference; fileEncoding = 4; lastKnownFileType = sourcecode.c.h; path = strsep.h; sourceTree = "<group>"; };
		4D0C5DDE0E8CA72B00041271 /* strsep.c */ = {isa = PBXFileReference; fileEncoding = 4; lastKnownFileType = sourcecode.c.c; path = strsep.c; sourceTree = "<group>"; };
		4D0C5DF30E8CAAC200041271 /* util.h */ = {isa = PBXFileReference; fileEncoding = 4; lastKnownFileType = sourcecode.c.h; path = util.h; sourceTree = "<group>"; };
		4D0C5DF40E8CAAC200041271 /* util.c */ = {isa = PBXFileReference; fileEncoding = 4; lastKnownFileType = sourcecode.c.c; path = util.c; sourceTree = "<group>"; };
		4D0C5E320E8CE51000041271 /* parseslashcmd.h */ = {isa = PBXFileReference; fileEncoding = 4; lastKnownFileType = sourcecode.c.h; path = parseslashcmd.h; sourceTree = "<group>"; };
		4D0C5E330E8CE51000041271 /* parseslashcmd.c */ = {isa = PBXFileReference; fileEncoding = 4; lastKnownFileType = sourcecode.c.c; path = parseslashcmd.c; sourceTree = "<group>"; };
		4D22A92A0EA6048400D0D3CF /* vasprintf.h */ = {isa = PBXFileReference; fileEncoding = 4; lastKnownFileType = sourcecode.c.h; path = vasprintf.h; sourceTree = "<group>"; };
		4D22A92B0EA6048400D0D3CF /* vasprintf.c */ = {isa = PBXFileReference; fileEncoding = 4; lastKnownFileType = sourcecode.c.c; path = vasprintf.c; sourceTree = "<group>"; };
		4D3447EF127D7F66006C98F7 /* timefunc.h */ = {isa = PBXFileReference; fileEncoding = 4; lastKnownFileType = sourcecode.c.h; path = timefunc.h; sourceTree = "<group>"; };
		4D3447F0127D7F66006C98F7 /* timefunc.c */ = {isa = PBXFileReference; fileEncoding = 4; lastKnownFileType = sourcecode.c.c; path = timefunc.c; sourceTree = "<group>"; };
		4D4350A30E8E8CC5003E703A /* execute_cmds.h */ = {isa = PBXFileReference; fileEncoding = 4; lastKnownFileType = sourcecode.c.h; path = execute_cmds.h; sourceTree = "<group>"; };
		4D4350A40E8E8CC5003E703A /* execute_cmds.c */ = {isa = PBXFileReference; fileEncoding = 4; lastKnownFileType = sourcecode.c.c; path = execute_cmds.c; sourceTree = "<group>"; };
		4D753DF1125EE4360046D190 /* fileio.c */ = {isa = PBXFileReference; fileEncoding = 4; lastKnownFileType = sourcecode.c.c; path = fileio.c; sourceTree = "<group>"; };
		4D753DF2125EE4360046D190 /* fileio.h */ = {isa = PBXFileReference; fileEncoding = 4; lastKnownFileType = sourcecode.c.h; path = fileio.h; sourceTree = "<group>"; };
		4D753DF3125EE4360046D190 /* mail_utils.c */ = {isa = PBXFileReference; fileEncoding = 4; lastKnownFileType = sourcecode.c.c; path = mail_utils.c; sourceTree = "<group>"; };
		4D753DF4125EE4360046D190 /* mail_utils.h */ = {isa = PBXFileReference; fileEncoding = 4; lastKnownFileType = sourcecode.c.h; path = mail_utils.h; sourceTree = "<group>"; };
		4D753DF9125EE4C90046D190 /* do_cmd_reportbackup.h */ = {isa = PBXFileReference; fileEncoding = 4; lastKnownFileType = sourcecode.c.h; path = do_cmd_reportbackup.h; sourceTree = "<group>"; };
		4D753DFA125EE4C90046D190 /* do_cmd_reportbackup.c */ = {isa = PBXFileReference; fileEncoding = 4; lastKnownFileType = sourcecode.c.c; path = do_cmd_reportbackup.c; sourceTree = "<group>"; };
		4D7E4EDD1276512D008DE13E /* mkargv.h */ = {isa = PBXFileReference; fileEncoding = 4; lastKnownFileType = sourcecode.c.h; path = mkargv.h; sourceTree = "<group>"; };
		4D7E4EDE1276512D008DE13E /* mkargv.c */ = {isa = PBXFileReference; fileEncoding = 4; lastKnownFileType = sourcecode.c.c; path = mkargv.c; sourceTree = "<group>"; };
		4D9155FC0E9D15E600C878CD /* split.h */ = {isa = PBXFileReference; fileEncoding = 4; lastKnownFileType = sourcecode.c.h; path = split.h; sourceTree = "<group>"; };
		4D9155FD0E9D15E600C878CD /* split.c */ = {isa = PBXFileReference; fileEncoding = 4; lastKnownFileType = sourcecode.c.c; path = split.c; sourceTree = "<group>"; };
		4D9156020E9D19A400C878CD /* list.h */ = {isa = PBXFileReference; fileEncoding = 4; lastKnownFileType = sourcecode.c.h; path = list.h; sourceTree = "<group>"; };
		4D9156030E9D19A400C878CD /* list.c */ = {isa = PBXFileReference; fileEncoding = 4; lastKnownFileType = sourcecode.c.c; path = list.c; sourceTree = "<group>"; };
		4DB2E355126B493B005C20C7 /* copycheck.c */ = {isa = PBXFileReference; fileEncoding = 4; lastKnownFileType = sourcecode.c.c; path = copycheck.c; sourceTree = "<group>"; };
		4DB2E356126B493B005C20C7 /* copycheck.h */ = {isa = PBXFileReference; fileEncoding = 4; lastKnownFileType = sourcecode.c.h; path = copycheck.h; sourceTree = "<group>"; };
		4DB2E358126B4AB0005C20C7 /* data_structures.h */ = {isa = PBXFileReference; fileEncoding = 4; lastKnownFileType = sourcecode.c.h; path = data_structures.h; sourceTree = "<group>"; };
		4DE017430E9C28B300F5E3FC /* data_access.h */ = {isa = PBXFileReference; fileEncoding = 4; lastKnownFileType = sourcecode.c.h; path = data_access.h; sourceTree = "<group>"; };
		4DE017440E9C28B300F5E3FC /* data_access.c */ = {isa = PBXFileReference; fileEncoding = 4; lastKnownFileType = sourcecode.c.c; path = data_access.c; sourceTree = "<group>"; };
		8DD76FB20486AB0100D96B5E /* blib */ = {isa = PBXFileReference; explicitFileType = "compiled.mach-o.executable"; includeInIndex = 0; path = blib; sourceTree = BUILT_PRODUCTS_DIR; };
		C6A0FF2C0290799A04C91782 /* blib.1 */ = {isa = PBXFileReference; lastKnownFileType = text.man; path = blib.1; sourceTree = "<group>"; };
/* End PBXFileReference section */

/* Begin PBXFrameworksBuildPhase section */
		8DD76FAD0486AB0100D96B5E /* Frameworks */ = {
			isa = PBXFrameworksBuildPhase;
			buildActionMask = 2147483647;
			files = (
			);
			runOnlyForDeploymentPostprocessing = 0;
		};
/* End PBXFrameworksBuildPhase section */

/* Begin PBXGroup section */
		08FB7794FE84155DC02AAC07 /* blib */ = {
			isa = PBXGroup;
			children = (
				08FB7795FE84155DC02AAC07 /* src */,
				C6A0FF2B0290797F04C91782 /* Documentation */,
				1AB674ADFE9D54B511CA2CBB /* Products */,
			);
			name = blib;
			sourceTree = "<group>";
		};
		08FB7795FE84155DC02AAC07 /* src */ = {
			isa = PBXGroup;
			children = (
				4D3447EF127D7F66006C98F7 /* timefunc.h */,
				4D3447F0127D7F66006C98F7 /* timefunc.c */,
				4D0C5DD60E8CA5D000041271 /* blib.h */,
				08FB7796FE84155DC02AAC07 /* blib.c */,
				4D0C5DDD0E8CA72B00041271 /* strsep.h */,
				4D0C5DDE0E8CA72B00041271 /* strsep.c */,
				4D0C5DF30E8CAAC200041271 /* util.h */,
				4D0C5DF40E8CAAC200041271 /* util.c */,
				4D0C5E320E8CE51000041271 /* parseslashcmd.h */,
				4D0C5E330E8CE51000041271 /* parseslashcmd.c */,
				4D4350A30E8E8CC5003E703A /* execute_cmds.h */,
				4D4350A40E8E8CC5003E703A /* execute_cmds.c */,
				4D753DF9125EE4C90046D190 /* do_cmd_reportbackup.h */,
				4D753DFA125EE4C90046D190 /* do_cmd_reportbackup.c */,
				4DB2E358126B4AB0005C20C7 /* data_structures.h */,
				4DE017430E9C28B300F5E3FC /* data_access.h */,
				4DE017440E9C28B300F5E3FC /* data_access.c */,
				4DB2E356126B493B005C20C7 /* copycheck.h */,
				4DB2E355126B493B005C20C7 /* copycheck.c */,
				4D9155FC0E9D15E600C878CD /* split.h */,
				4D9155FD0E9D15E600C878CD /* split.c */,
				4D7E4EDD1276512D008DE13E /* mkargv.h */,
				4D7E4EDE1276512D008DE13E /* mkargv.c */,
				4D9156020E9D19A400C878CD /* list.h */,
				4D9156030E9D19A400C878CD /* list.c */,
				4D753DF1125EE4360046D190 /* fileio.c */,
				4D753DF2125EE4360046D190 /* fileio.h */,
				4D753DF3125EE4360046D190 /* mail_utils.c */,
				4D753DF4125EE4360046D190 /* mail_utils.h */,
				4D22A92A0EA6048400D0D3CF /* vasprintf.h */,
				4D22A92B0EA6048400D0D3CF /* vasprintf.c */,
			);
			path = src;
			sourceTree = SOURCE_ROOT;
		};
		1AB674ADFE9D54B511CA2CBB /* Products */ = {
			isa = PBXGroup;
			children = (
				8DD76FB20486AB0100D96B5E /* blib */,
			);
			name = Products;
			sourceTree = "<group>";
		};
		C6A0FF2B0290797F04C91782 /* Documentation */ = {
			isa = PBXGroup;
			children = (
				C6A0FF2C0290799A04C91782 /* blib.1 */,
			);
			name = Documentation;
			path = doc;
			sourceTree = SOURCE_ROOT;
		};
/* End PBXGroup section */

/* Begin PBXNativeTarget section */
		8DD76FA90486AB0100D96B5E /* blib */ = {
			isa = PBXNativeTarget;
			buildConfigurationList = 1DEB928508733DD80010E9CD /* Build configuration list for PBXNativeTarget "blib" */;
			buildPhases = (
				8DD76FAB0486AB0100D96B5E /* Sources */,
				8DD76FAD0486AB0100D96B5E /* Frameworks */,
				8DD76FAF0486AB0100D96B5E /* CopyFiles */,
			);
			buildRules = (
			);
			dependencies = (
			);
			name = blib;
			productInstallPath = "$(HOME)/bin";
			productName = blib;
			productReference = 8DD76FB20486AB0100D96B5E /* blib */;
			productType = "com.apple.product-type.tool";
		};
/* End PBXNativeTarget section */

/* Begin PBXProject section */
		08FB7793FE84155DC02AAC07 /* Project object */ = {
			isa = PBXProject;
			attributes = {
				LastUpgradeCheck = 0600;
			};
			buildConfigurationList = 1DEB928908733DD80010E9CD /* Build configuration list for PBXProject "blib" */;
			compatibilityVersion = "Xcode 3.2";
			developmentRegion = English;
			hasScannedForEncodings = 1;
			knownRegions = (
				English,
				Japanese,
				French,
				German,
			);
			mainGroup = 08FB7794FE84155DC02AAC07 /* blib */;
			projectDirPath = "";
			projectRoot = "";
			targets = (
				8DD76FA90486AB0100D96B5E /* blib */,
			);
		};
/* End PBXProject section */

/* Begin PBXSourcesBuildPhase section */
		8DD76FAB0486AB0100D96B5E /* Sources */ = {
			isa = PBXSourcesBuildPhase;
			buildActionMask = 2147483647;
			files = (
				8DD76FAC0486AB0100D96B5E /* blib.c in Sources */,
				4D0C5DDF0E8CA72B00041271 /* strsep.c in Sources */,
				4D0C5DF50E8CAAC200041271 /* util.c in Sources */,
				4D0C5E340E8CE51000041271 /* parseslashcmd.c in Sources */,
				4D4350A50E8E8CC5003E703A /* execute_cmds.c in Sources */,
				4DE017450E9C28B300F5E3FC /* data_access.c in Sources */,
				4D9155FE0E9D15E600C878CD /* split.c in Sources */,
				4D9156040E9D19A400C878CD /* list.c in Sources */,
				4D22A92C0EA6048400D0D3CF /* vasprintf.c in Sources */,
				4D753DF5125EE4360046D190 /* fileio.c in Sources */,
				4D753DF6125EE4360046D190 /* mail_utils.c in Sources */,
				4D753DFB125EE4C90046D190 /* do_cmd_reportbackup.c in Sources */,
				4DB2E357126B493B005C20C7 /* copycheck.c in Sources */,
				4D7E4EDF1276512D008DE13E /* mkargv.c in Sources */,
				4D3447F1127D7F66006C98F7 /* timefunc.c in Sources */,
			);
			runOnlyForDeploymentPostprocessing = 0;
		};
/* End PBXSourcesBuildPhase section */

/* Begin XCBuildConfiguration section */
		1DEB928608733DD80010E9CD /* Debug */ = {
			isa = XCBuildConfiguration;
			buildSettings = {
				ALWAYS_SEARCH_USER_PATHS = NO;
				COPY_PHASE_STRIP = NO;
				GCC_CW_ASM_SYNTAX = NO;
				GCC_DYNAMIC_NO_PIC = NO;
				GCC_INLINES_ARE_PRIVATE_EXTERN = NO;
				GCC_MODEL_TUNING = G5;
				GCC_OPTIMIZATION_LEVEL = 0;
				GCC_VERSION = com.apple.compilers.llvm.clang.1_0;
				GCC_WARN_UNUSED_FUNCTION = NO;
				GCC_WARN_UNUSED_LABEL = YES;
				GCC_WARN_UNUSED_PARAMETER = YES;
				GCC_WARN_UNUSED_VALUE = YES;
				INSTALL_PATH = /usr/local/etc;
				OTHER_CFLAGS = (
					"-DDEBUG_ONMAC",
					"-DNEEDASPRINTF",
				);
				PRODUCT_NAME = blib;
				SDKROOT = macosx;
			};
			name = Debug;
		};
		1DEB928708733DD80010E9CD /* Release */ = {
			isa = XCBuildConfiguration;
			buildSettings = {
				ALWAYS_SEARCH_USER_PATHS = NO;
				DEBUG_INFORMATION_FORMAT = "dwarf-with-dsym";
				GCC_MODEL_TUNING = G5;
				GCC_VERSION = com.apple.compilers.llvm.clang.1_0;
				GCC_WARN_UNUSED_LABEL = YES;
				GCC_WARN_UNUSED_PARAMETER = YES;
				GCC_WARN_UNUSED_VALUE = YES;
				INSTALL_PATH = /usr/local/bin;
				PRODUCT_NAME = blib;
				SDKROOT = macosx;
			};
			name = Release;
		};
		1DEB928A08733DD80010E9CD /* Debug */ = {
			isa = XCBuildConfiguration;
			buildSettings = {
				GCC_C_LANGUAGE_STANDARD = c99;
				GCC_OPTIMIZATION_LEVEL = 0;
				GCC_WARN_ABOUT_RETURN_TYPE = YES;
				GCC_WARN_UNUSED_VARIABLE = YES;
				MACOSX_DEPLOYMENT_TARGET = 10.9;
				ONLY_ACTIVE_ARCH = YES;
				OTHER_LDFLAGS = "-lsqlite3";
				SDKROOT = macosx;
			};
			name = Debug;
		};
		1DEB928B08733DD80010E9CD /* Release */ = {
			isa = XCBuildConfiguration;
			buildSettings = {
				GCC_C_LANGUAGE_STANDARD = c99;
				GCC_WARN_ABOUT_RETURN_TYPE = YES;
				GCC_WARN_UNUSED_VARIABLE = YES;
				MACOSX_DEPLOYMENT_TARGET = 10.9;
				OTHER_LDFLAGS = "-lsqlite3";
				SDKROOT = macosx;
			};
			name = Release;
		};
/* End XCBuildConfiguration section */

/* Begin XCConfigurationList section */
		1DEB928508733DD80010E9CD /* Build configuration list for PBXNativeTarget "blib" */ = {
			isa = XCConfigurationList;
			buildConfigurations = (
				1DEB928608733DD80010E9CD /* Debug */,
				1DEB928708733DD80010E9CD /* Release */,
			);
			defaultConfigurationIsVisible = 0;
			defaultConfigurationName = Release;
		};
		1DEB928908733DD80010E9CD /* Build configuration list for PBXProject "blib" */ = {
			isa = XCConfigurationList;
			buildConfigurations = (
				1DEB928A08733DD80010E9CD /* Debug */,
				1DEB928B08733DD80010E9CD /* Release */,
			);
			defaultConfigurationIsVisible = 0;
			defaultConfigurationName = Release;
		};
/* End XCConfigurationList section */
	};
	rootObject = 08FB7793FE84155DC02AAC07 /* Project object */;
}
